{
  "originHash" : "c55fa4cb43cb85ba9eb682d9697b6cb625c567a38576ea41b188aeec8f398f45",
  "pins" : [
    {
      "identity" : "mediaremote-adapter",
      "kind" : "remoteSourceControl",
      "location" : "https://github.com/ejbills/mediaremote-adapter.git",
      "state" : {
        "branch" : "master",
        "revision" : "3529aa25023082a2ceadebcd2c9c4a9430ee96b9"
      }
    }
  ],
  "version" : 3
}
