{
  "originHash" : "c55fa4cb43cb85ba9eb682d9697b6cb625c567a38576ea41b188aeec8f398f45",
  "pins" : [
    {
      "identity" : "mediaremote-adapter",
      "kind" : "remoteSourceControl",
      "location" : "https://github.com/ejbills/mediaremote-adapter.git",
      "state" : {
        "branch" : "master",
        "revision" : "3529aa25023082a2ceadebcd2c9c4a9430ee96b9"
      }
    },
    {
      "identity" : "rive-ios",
      "kind" : "remoteSourceControl",
      "location" : "https://github.com/rive-app/rive-ios",
      "state" : {
        "revision" : "39c3a99bbd05e7b0c4d25b9b2811937c945d7b23",
        "version" : "6.11.4"
      }
    }
  ],
  "version" : 3
}
